// !$*UTF8*$!
{
	archiveVersion = 1;
	classes = {
	};
	objectVersion = 46;
	objects = {

/* Begin PBXBuildFile section */
		762B6BB41D19DB17005EFB89 /* Utilities.swift in Sources */ = {isa = PBXBuildFile; fileRef = 762B6BB31D19DB17005EFB89 /* Utilities.swift */; };
		762C47111D2864C40094EAB4 /* VideoDetailsViewController.swift in Sources */ = {isa = PBXBuildFile; fileRef = 762C47101D2864C40094EAB4 /* VideoDetailsViewController.swift */; };
		7659DEEB1D1EE66F005718B4 /* VideoCollectionViewCell.swift in Sources */ = {isa = PBXBuildFile; fileRef = 7659DEEA1D1EE66F005718B4 /* VideoCollectionViewCell.swift */; };
		768D3D291D1888BC00CAD91B /* AppDelegate.swift in Sources */ = {isa = PBXBuildFile; fileRef = 768D3D281D1888BC00CAD91B /* AppDelegate.swift */; };
		768D3D2B1D1888BC00CAD91B /* ViewController.swift in Sources */ = {isa = PBXBuildFile; fileRef = 768D3D2A1D1888BC00CAD91B /* ViewController.swift */; };
		768D3D2E1D1888BC00CAD91B /* Main.storyboard in Resources */ = {isa = PBXBuildFile; fileRef = 768D3D2C1D1888BC00CAD91B /* Main.storyboard */; };
		768D3D301D1888BC00CAD91B /* Assets.xcassets in Resources */ = {isa = PBXBuildFile; fileRef = 768D3D2F1D1888BC00CAD91B /* Assets.xcassets */; };
		768D3D331D1888BC00CAD91B /* LaunchScreen.storyboard in Resources */ = {isa = PBXBuildFile; fileRef = 768D3D311D1888BC00CAD91B /* LaunchScreen.storyboard */; };
		768D3D3C1D1888FF00CAD91B /* Constants.swift in Sources */ = {isa = PBXBuildFile; fileRef = 768D3D3B1D1888FF00CAD91B /* Constants.swift */; };
		768D3D3E1D188C0300CAD91B /* NetworkDataManager.swift in Sources */ = {isa = PBXBuildFile; fileRef = 768D3D3D1D188C0300CAD91B /* NetworkDataManager.swift */; };
		76E0E7061D1B2E9C00A5F4EA /* VideoStore.swift in Sources */ = {isa = PBXBuildFile; fileRef = 76E0E7051D1B2E9C00A5F4EA /* VideoStore.swift */; };
		76E0E7091D1B2FEF00A5F4EA /* Video.swift in Sources */ = {isa = PBXBuildFile; fileRef = 76E0E7081D1B2FEF00A5F4EA /* Video.swift */; };
/* End PBXBuildFile section */

/* Begin PBXFileReference section */
		762B6BB31D19DB17005EFB89 /* Utilities.swift */ = {isa = PBXFileReference; fileEncoding = 4; lastKnownFileType = sourcecode.swift; path = Utilities.swift; sourceTree = "<group>"; };
		762C47101D2864C40094EAB4 /* VideoDetailsViewController.swift */ = {isa = PBXFileReference; fileEncoding = 4; lastKnownFileType = sourcecode.swift; path = VideoDetailsViewController.swift; sourceTree = "<group>"; };
		7659DEEA1D1EE66F005718B4 /* VideoCollectionViewCell.swift */ = {isa = PBXFileReference; fileEncoding = 4; lastKnownFileType = sourcecode.swift; path = VideoCollectionViewCell.swift; sourceTree = "<group>"; };
		768D3D251D1888BC00CAD91B /* VideoFinder.app */ = {isa = PBXFileReference; explicitFileType = wrapper.application; includeInIndex = 0; path = VideoFinder.app; sourceTree = BUILT_PRODUCTS_DIR; };
		768D3D281D1888BC00CAD91B /* AppDelegate.swift */ = {isa = PBXFileReference; lastKnownFileType = sourcecode.swift; path = AppDelegate.swift; sourceTree = "<group>"; };
		768D3D2A1D1888BC00CAD91B /* ViewController.swift */ = {isa = PBXFileReference; lastKnownFileType = sourcecode.swift; path = ViewController.swift; sourceTree = "<group>"; };
		768D3D2D1D1888BC00CAD91B /* Base */ = {isa = PBXFileReference; lastKnownFileType = file.storyboard; name = Base; path = Base.lproj/Main.storyboard; sourceTree = "<group>"; };
		768D3D2F1D1888BC00CAD91B /* Assets.xcassets */ = {isa = PBXFileReference; lastKnownFileType = folder.assetcatalog; path = Assets.xcassets; sourceTree = "<group>"; };
		768D3D321D1888BC00CAD91B /* Base */ = {isa = PBXFileReference; lastKnownFileType = file.storyboard; name = Base; path = Base.lproj/LaunchScreen.storyboard; sourceTree = "<group>"; };
		768D3D341D1888BC00CAD91B /* Info.plist */ = {isa = PBXFileReference; lastKnownFileType = text.plist.xml; path = Info.plist; sourceTree = "<group>"; };
		768D3D3B1D1888FF00CAD91B /* Constants.swift */ = {isa = PBXFileReference; fileEncoding = 4; lastKnownFileType = sourcecode.swift; path = Constants.swift; sourceTree = "<group>"; };
		768D3D3D1D188C0300CAD91B /* NetworkDataManager.swift */ = {isa = PBXFileReference; fileEncoding = 4; lastKnownFileType = sourcecode.swift; path = NetworkDataManager.swift; sourceTree = "<group>"; };
		76E0E7051D1B2E9C00A5F4EA /* VideoStore.swift */ = {isa = PBXFileReference; fileEncoding = 4; lastKnownFileType = sourcecode.swift; path = VideoStore.swift; sourceTree = "<group>"; };
		76E0E7081D1B2FEF00A5F4EA /* Video.swift */ = {isa = PBXFileReference; fileEncoding = 4; lastKnownFileType = sourcecode.swift; path = Video.swift; sourceTree = "<group>"; };
/* End PBXFileReference section */

/* Begin PBXFrameworksBuildPhase section */
		768D3D221D1888BC00CAD91B /* Frameworks */ = {
			isa = PBXFrameworksBuildPhase;
			buildActionMask = 2147483647;
			files = (
			);
			runOnlyForDeploymentPostprocessing = 0;
		};
/* End PBXFrameworksBuildPhase section */

/* Begin PBXGroup section */
		762B6BB01D19DA66005EFB89 /* NetworkUtilities */ = {
			isa = PBXGroup;
			children = (
				762B6BB31D19DB17005EFB89 /* Utilities.swift */,
			);
			name = NetworkUtilities;
			sourceTree = "<group>";
		};
		7659DEE91D1EE62F005718B4 /* CollectionCell */ = {
			isa = PBXGroup;
			children = (
				7659DEEA1D1EE66F005718B4 /* VideoCollectionViewCell.swift */,
			);
			name = CollectionCell;
			sourceTree = "<group>";
		};
		768D3D1C1D1888BC00CAD91B = {
			isa = PBXGroup;
			children = (
				768D3D271D1888BC00CAD91B /* VideoFinder */,
				768D3D261D1888BC00CAD91B /* Products */,
			);
			sourceTree = "<group>";
		};
		768D3D261D1888BC00CAD91B /* Products */ = {
			isa = PBXGroup;
			children = (
				768D3D251D1888BC00CAD91B /* VideoFinder.app */,
			);
			name = Products;
			sourceTree = "<group>";
		};
		768D3D271D1888BC00CAD91B /* VideoFinder */ = {
			isa = PBXGroup;
			children = (
				7659DEE91D1EE62F005718B4 /* CollectionCell */,
				76E0E7071D1B2FB500A5F4EA /* DataModel */,
				76E0E7041D1B2E5300A5F4EA /* DataStore */,
				762B6BB01D19DA66005EFB89 /* NetworkUtilities */,
				768D3D3A1D1888CF00CAD91B /* WebServices */,
				768D3D281D1888BC00CAD91B /* AppDelegate.swift */,
				768D3D2A1D1888BC00CAD91B /* ViewController.swift */,
				762C47101D2864C40094EAB4 /* VideoDetailsViewController.swift */,
				768D3D2C1D1888BC00CAD91B /* Main.storyboard */,
				768D3D2F1D1888BC00CAD91B /* Assets.xcassets */,
				768D3D311D1888BC00CAD91B /* LaunchScreen.storyboard */,
				768D3D341D1888BC00CAD91B /* Info.plist */,
			);
			path = VideoFinder;
			sourceTree = "<group>";
		};
		768D3D3A1D1888CF00CAD91B /* WebServices */ = {
			isa = PBXGroup;
			children = (
				768D3D3D1D188C0300CAD91B /* NetworkDataManager.swift */,
				768D3D3B1D1888FF00CAD91B /* Constants.swift */,
			);
			name = WebServices;
			sourceTree = "<group>";
		};
		76E0E7041D1B2E5300A5F4EA /* DataStore */ = {
			isa = PBXGroup;
			children = (
				76E0E7051D1B2E9C00A5F4EA /* VideoStore.swift */,
			);
			name = DataStore;
			sourceTree = "<group>";
		};
		76E0E7071D1B2FB500A5F4EA /* DataModel */ = {
			isa = PBXGroup;
			children = (
				76E0E7081D1B2FEF00A5F4EA /* Video.swift */,
			);
			name = DataModel;
			sourceTree = "<group>";
		};
/* End PBXGroup section */

/* Begin PBXNativeTarget section */
		768D3D241D1888BC00CAD91B /* VideoFinder */ = {
			isa = PBXNativeTarget;
			buildConfigurationList = 768D3D371D1888BC00CAD91B /* Build configuration list for PBXNativeTarget "VideoFinder" */;
			buildPhases = (
				768D3D211D1888BC00CAD91B /* Sources */,
				768D3D221D1888BC00CAD91B /* Frameworks */,
				768D3D231D1888BC00CAD91B /* Resources */,
			);
			buildRules = (
			);
			dependencies = (
			);
			name = VideoFinder;
			productName = VideoFinder;
			productReference = 768D3D251D1888BC00CAD91B /* VideoFinder.app */;
			productType = "com.apple.product-type.application";
		};
/* End PBXNativeTarget section */

/* Begin PBXProject section */
		768D3D1D1D1888BC00CAD91B /* Project object */ = {
			isa = PBXProject;
			attributes = {
				LastSwiftUpdateCheck = 0720;
				LastUpgradeCheck = 0720;
				ORGANIZATIONNAME = anoopm;
				TargetAttributes = {
					768D3D241D1888BC00CAD91B = {
						CreatedOnToolsVersion = 7.2;
						LastSwiftMigration = 0800;
					};
				};
			};
			buildConfigurationList = 768D3D201D1888BC00CAD91B /* Build configuration list for PBXProject "VideoFinder" */;
			compatibilityVersion = "Xcode 3.2";
			developmentRegion = English;
			hasScannedForEncodings = 0;
			knownRegions = (
				en,
				Base,
			);
			mainGroup = 768D3D1C1D1888BC00CAD91B;
			productRefGroup = 768D3D261D1888BC00CAD91B /* Products */;
			projectDirPath = "";
			projectRoot = "";
			targets = (
				768D3D241D1888BC00CAD91B /* VideoFinder */,
			);
		};
/* End PBXProject section */

/* Begin PBXResourcesBuildPhase section */
		768D3D231D1888BC00CAD91B /* Resources */ = {
			isa = PBXResourcesBuildPhase;
			buildActionMask = 2147483647;
			files = (
				768D3D331D1888BC00CAD91B /* LaunchScreen.storyboard in Resources */,
				768D3D301D1888BC00CAD91B /* Assets.xcassets in Resources */,
				768D3D2E1D1888BC00CAD91B /* Main.storyboard in Resources */,
			);
			runOnlyForDeploymentPostprocessing = 0;
		};
/* End PBXResourcesBuildPhase section */

/* Begin PBXSourcesBuildPhase section */
		768D3D211D1888BC00CAD91B /* Sources */ = {
			isa = PBXSourcesBuildPhase;
			buildActionMask = 2147483647;
			files = (
				762C47111D2864C40094EAB4 /* VideoDetailsViewController.swift in Sources */,
				768D3D2B1D1888BC00CAD91B /* ViewController.swift in Sources */,
				768D3D291D1888BC00CAD91B /* AppDelegate.swift in Sources */,
				768D3D3E1D188C0300CAD91B /* NetworkDataManager.swift in Sources */,
				762B6BB41D19DB17005EFB89 /* Utilities.swift in Sources */,
				768D3D3C1D1888FF00CAD91B /* Constants.swift in Sources */,
				76E0E7091D1B2FEF00A5F4EA /* Video.swift in Sources */,
				7659DEEB1D1EE66F005718B4 /* VideoCollectionViewCell.swift in Sources */,
				76E0E7061D1B2E9C00A5F4EA /* VideoStore.swift in Sources */,
			);
			runOnlyForDeploymentPostprocessing = 0;
		};
/* End PBXSourcesBuildPhase section */

/* Begin PBXVariantGroup section */
		768D3D2C1D1888BC00CAD91B /* Main.storyboard */ = {
			isa = PBXVariantGroup;
			children = (
				768D3D2D1D1888BC00CAD91B /* Base */,
			);
			name = Main.storyboard;
			sourceTree = "<group>";
		};
		768D3D311D1888BC00CAD91B /* LaunchScreen.storyboard */ = {
			isa = PBXVariantGroup;
			children = (
				768D3D321D1888BC00CAD91B /* Base */,
			);
			name = LaunchScreen.storyboard;
			sourceTree = "<group>";
		};
/* End PBXVariantGroup section */

/* Begin XCBuildConfiguration section */
		768D3D351D1888BC00CAD91B /* Debug */ = {
			isa = XCBuildConfiguration;
			buildSettings = {
				ALWAYS_SEARCH_USER_PATHS = NO;
				CLANG_CXX_LANGUAGE_STANDARD = "gnu++0x";
				CLANG_CXX_LIBRARY = "libc++";
				CLANG_ENABLE_MODULES = YES;
				CLANG_ENABLE_OBJC_ARC = YES;
				CLANG_WARN_BOOL_CONVERSION = YES;
				CLANG_WARN_CONSTANT_CONVERSION = YES;
				CLANG_WARN_DIRECT_OBJC_ISA_USAGE = YES_ERROR;
				CLANG_WARN_EMPTY_BODY = YES;
				CLANG_WARN_ENUM_CONVERSION = YES;
				CLANG_WARN_INT_CONVERSION = YES;
				CLANG_WARN_OBJC_ROOT_CLASS = YES_ERROR;
				CLANG_WARN_UNREACHABLE_CODE = YES;
				CLANG_WARN__DUPLICATE_METHOD_MATCH = YES;
				"CODE_SIGN_IDENTITY[sdk=iphoneos*]" = "iPhone Developer";
				COPY_PHASE_STRIP = NO;
				DEBUG_INFORMATION_FORMAT = dwarf;
				ENABLE_STRICT_OBJC_MSGSEND = YES;
				ENABLE_TESTABILITY = YES;
				GCC_C_LANGUAGE_STANDARD = gnu99;
				GCC_DYNAMIC_NO_PIC = NO;
				GCC_NO_COMMON_BLOCKS = YES;
				GCC_OPTIMIZATION_LEVEL = 0;
				GCC_PREPROCESSOR_DEFINITIONS = (
					"DEBUG=1",
					"$(inherited)",
				);
				GCC_WARN_64_TO_32_BIT_CONVERSION = YES;
				GCC_WARN_ABOUT_RETURN_TYPE = YES_ERROR;
				GCC_WARN_UNDECLARED_SELECTOR = YES;
				GCC_WARN_UNINITIALIZED_AUTOS = YES_AGGRESSIVE;
				GCC_WARN_UNUSED_FUNCTION = YES;
				GCC_WARN_UNUSED_VARIABLE = YES;
				IPHONEOS_DEPLOYMENT_TARGET = 9.2;
				MTL_ENABLE_DEBUG_INFO = YES;
				ONLY_ACTIVE_ARCH = YES;
				SDKROOT = iphoneos;
				SWIFT_OPTIMIZATION_LEVEL = "-Onone";
			};
			name = Debug;
		};
		768D3D361D1888BC00CAD91B /* Release */ = {
			isa = XCBuildConfiguration;
			buildSettings = {
				ALWAYS_SEARCH_USER_PATHS = NO;
				CLANG_CXX_LANGUAGE_STANDARD = "gnu++0x";
				CLANG_CXX_LIBRARY = "libc++";
				CLANG_ENABLE_MODULES = YES;
				CLANG_ENABLE_OBJC_ARC = YES;
				CLANG_WARN_BOOL_CONVERSION = YES;
				CLANG_WARN_CONSTANT_CONVERSION = YES;
				CLANG_WARN_DIRECT_OBJC_ISA_USAGE = YES_ERROR;
				CLANG_WARN_EMPTY_BODY = YES;
				CLANG_WARN_ENUM_CONVERSION = YES;
				CLANG_WARN_INT_CONVERSION = YES;
				CLANG_WARN_OBJC_ROOT_CLASS = YES_ERROR;
				CLANG_WARN_UNREACHABLE_CODE = YES;
				CLANG_WARN__DUPLICATE_METHOD_MATCH = YES;
				"CODE_SIGN_IDENTITY[sdk=iphoneos*]" = "iPhone Developer";
				COPY_PHASE_STRIP = NO;
				DEBUG_INFORMATION_FORMAT = "dwarf-with-dsym";
				ENABLE_NS_ASSERTIONS = NO;
				ENABLE_STRICT_OBJC_MSGSEND = YES;
				GCC_C_LANGUAGE_STANDARD = gnu99;
				GCC_NO_COMMON_BLOCKS = YES;
				GCC_WARN_64_TO_32_BIT_CONVERSION = YES;
				GCC_WARN_ABOUT_RETURN_TYPE = YES_ERROR;
				GCC_WARN_UNDECLARED_SELECTOR = YES;
				GCC_WARN_UNINITIALIZED_AUTOS = YES_AGGRESSIVE;
				GCC_WARN_UNUSED_FUNCTION = YES;
				GCC_WARN_UNUSED_VARIABLE = YES;
				IPHONEOS_DEPLOYMENT_TARGET = 9.2;
				MTL_ENABLE_DEBUG_INFO = NO;
				SDKROOT = iphoneos;
				VALIDATE_PRODUCT = YES;
			};
			name = Release;
		};
		768D3D381D1888BC00CAD91B /* Debug */ = {
			isa = XCBuildConfiguration;
			buildSettings = {
				ASSETCATALOG_COMPILER_APPICON_NAME = AppIcon;
				INFOPLIST_FILE = VideoFinder/Info.plist;
				LD_RUNPATH_SEARCH_PATHS = "$(inherited) @executable_path/Frameworks";
				PRODUCT_BUNDLE_IDENTIFIER = com.anoop.video.VideoFinder;
				PRODUCT_NAME = "$(TARGET_NAME)";
				SWIFT_VERSION = 3.0;
				TARGETED_DEVICE_FAMILY = "1,2";
			};
			name = Debug;
		};
		768D3D391D1888BC00CAD91B /* Release */ = {
			isa = XCBuildConfiguration;
			buildSettings = {
				ASSETCATALOG_COMPILER_APPICON_NAME = AppIcon;
				INFOPLIST_FILE = VideoFinder/Info.plist;
				LD_RUNPATH_SEARCH_PATHS = "$(inherited) @executable_path/Frameworks";
				PRODUCT_BUNDLE_IDENTIFIER = com.anoop.video.VideoFinder;
				PRODUCT_NAME = "$(TARGET_NAME)";
				SWIFT_VERSION = 3.0;
				TARGETED_DEVICE_FAMILY = "1,2";
			};
			name = Release;
		};
/* End XCBuildConfiguration section */

/* Begin XCConfigurationList section */
		768D3D201D1888BC00CAD91B /* Build configuration list for PBXProject "VideoFinder" */ = {
			isa = XCConfigurationList;
			buildConfigurations = (
				768D3D351D1888BC00CAD91B /* Debug */,
				768D3D361D1888BC00CAD91B /* Release */,
			);
			defaultConfigurationIsVisible = 0;
			defaultConfigurationName = Release;
		};
		768D3D371D1888BC00CAD91B /* Build configuration list for PBXNativeTarget "VideoFinder" */ = {
			isa = XCConfigurationList;
			buildConfigurations = (
				768D3D381D1888BC00CAD91B /* Debug */,
				768D3D391D1888BC00CAD91B /* Release */,
			);
			defaultConfigurationIsVisible = 0;
			defaultConfigurationName = Release;
		};
/* End XCConfigurationList section */
	};
	rootObject = 768D3D1D1D1888BC00CAD91B /* Project object */;
}
